// !$*UTF8*$!
{
	archiveVersion = 1;
	classes = {
	};
	objectVersion = 56;
	objects = {

/* Begin PBXBuildFile section */
		08658FBB2C3EDAC400F11477 /* SearchBar&FilterRC.swift in Sources */ = {isa = PBXBuildFile; fileRef = 08658FBA2C3EDAC400F11477 /* SearchBar&FilterRC.swift */; };
		08658FBE2C3EDE9800F11477 /* Category.swift in Sources */ = {isa = PBXBuildFile; fileRef = 08658FBD2C3EDE9800F11477 /* Category.swift */; };
		08658FC02C3EDFE600F11477 /* HomePageViewModel.swift in Sources */ = {isa = PBXBuildFile; fileRef = 08658FBF2C3EDFE600F11477 /* HomePageViewModel.swift */; };
		08658FC62C3EF4E200F11477 /* FirestoreManager.swift in Sources */ = {isa = PBXBuildFile; fileRef = 08658FC52C3EF4E200F11477 /* FirestoreManager.swift */; };
		08658FCC2C3F26F800F11477 /* TabBarView.swift in Sources */ = {isa = PBXBuildFile; fileRef = 08658FCB2C3F26F800F11477 /* TabBarView.swift */; };
		08658FD02C3F2F2B00F11477 /* FilterView.swift in Sources */ = {isa = PBXBuildFile; fileRef = 08658FCF2C3F2F2B00F11477 /* FilterView.swift */; };
		086A83562C35C77300735935 /* AppDelegate.swift in Sources */ = {isa = PBXBuildFile; fileRef = 086A83552C35C77300735935 /* AppDelegate.swift */; };
		086A83582C35C77300735935 /* SceneDelegate.swift in Sources */ = {isa = PBXBuildFile; fileRef = 086A83572C35C77300735935 /* SceneDelegate.swift */; };
		086A835F2C35C77400735935 /* Assets.xcassets in Resources */ = {isa = PBXBuildFile; fileRef = 086A835E2C35C77400735935 /* Assets.xcassets */; };
		086A83622C35C77400735935 /* Base in Resources */ = {isa = PBXBuildFile; fileRef = 086A83612C35C77400735935 /* Base */; };
		0871632B2C3C13C500AF59DF /* OnBoardingView.swift in Sources */ = {isa = PBXBuildFile; fileRef = 0871632A2C3C13C500AF59DF /* OnBoardingView.swift */; };
		0871632D2C3C13DD00AF59DF /* OnBoardingReusableView.swift in Sources */ = {isa = PBXBuildFile; fileRef = 0871632C2C3C13DD00AF59DF /* OnBoardingReusableView.swift */; };
		087163302C3C40D400AF59DF /* HomePageView.swift in Sources */ = {isa = PBXBuildFile; fileRef = 0871632F2C3C40D400AF59DF /* HomePageView.swift */; };
		0877D4E62C4556C80073EAF4 /* StorePageViewControllerWrapper.swift in Sources */ = {isa = PBXBuildFile; fileRef = 0877D4E52C4556C80073EAF4 /* StorePageViewControllerWrapper.swift */; };
		0877D4E82C4558110073EAF4 /* ListPageViewModel.swift in Sources */ = {isa = PBXBuildFile; fileRef = 0877D4E72C4558110073EAF4 /* ListPageViewModel.swift */; };
		0877D4EB2C455CBE0073EAF4 /* ProductCollectionViewCell.swift in Sources */ = {isa = PBXBuildFile; fileRef = 0877D4EA2C455CBE0073EAF4 /* ProductCollectionViewCell.swift */; };
		0877D4F02C456A6D0073EAF4 /* FavoritesManager.swift in Sources */ = {isa = PBXBuildFile; fileRef = 0877D4EF2C456A6D0073EAF4 /* FavoritesManager.swift */; };
		0877D4F22C45954A0073EAF4 /* SectionHeaderView.swift in Sources */ = {isa = PBXBuildFile; fileRef = 0877D4F12C45954A0073EAF4 /* SectionHeaderView.swift */; };
		0877D4F52C46E3E90073EAF4 /* StoreCollectionViewCell.swift in Sources */ = {isa = PBXBuildFile; fileRef = 0877D4F42C46E3E90073EAF4 /* StoreCollectionViewCell.swift */; };
		087A00472C41CDDC00A0B0CF /* CategoryProductsView.swift in Sources */ = {isa = PBXBuildFile; fileRef = 087A00462C41CDDC00A0B0CF /* CategoryProductsView.swift */; };
		087A00492C41CE0100A0B0CF /* CategoryProductsViewModel.swift in Sources */ = {isa = PBXBuildFile; fileRef = 087A00482C41CE0100A0B0CF /* CategoryProductsViewModel.swift */; };
		087FFD1D2C42E41100F945F7 /* CategoryCellView.swift in Sources */ = {isa = PBXBuildFile; fileRef = 087FFD1C2C42E41100F945F7 /* CategoryCellView.swift */; };
		087FFD202C42E44F00F945F7 /* ColorExtensionForHex.swift in Sources */ = {isa = PBXBuildFile; fileRef = 087FFD1F2C42E44F00F945F7 /* ColorExtensionForHex.swift */; };
		087FFD232C43300900F945F7 /* StoresPageViewController.swift in Sources */ = {isa = PBXBuildFile; fileRef = 087FFD222C43300900F945F7 /* StoresPageViewController.swift */; };
		08885B692C3FF51D004C2ED3 /* FilterViewModel.swift in Sources */ = {isa = PBXBuildFile; fileRef = 08885B682C3FF51D004C2ED3 /* FilterViewModel.swift */; };
		08885B6B2C3FF857004C2ED3 /* Store.swift in Sources */ = {isa = PBXBuildFile; fileRef = 08885B6A2C3FF857004C2ED3 /* Store.swift */; };
		08885B6D2C3FFD73004C2ED3 /* AsyncImageView.swift in Sources */ = {isa = PBXBuildFile; fileRef = 08885B6C2C3FFD73004C2ED3 /* AsyncImageView.swift */; };
		08885B722C4007FC004C2ED3 /* ProductCell.swift in Sources */ = {isa = PBXBuildFile; fileRef = 08885B712C4007FC004C2ED3 /* ProductCell.swift */; };
		08885B742C4014DF004C2ED3 /* Product.swift in Sources */ = {isa = PBXBuildFile; fileRef = 08885B732C4014DF004C2ED3 /* Product.swift */; };
		08885B762C401539004C2ED3 /* Location.swift in Sources */ = {isa = PBXBuildFile; fileRef = 08885B752C401539004C2ED3 /* Location.swift */; };
		08885B862C408C19004C2ED3 /* ListPageViewController.swift in Sources */ = {isa = PBXBuildFile; fileRef = 08885B852C408C19004C2ED3 /* ListPageViewController.swift */; };
		08885B882C408CC2004C2ED3 /* ListPageViewControllerWrapper.swift in Sources */ = {isa = PBXBuildFile; fileRef = 08885B872C408CC2004C2ED3 /* ListPageViewControllerWrapper.swift */; };
		08D848DF2C3D530C0016C4B5 /* GoogleService-Info.plist in Resources */ = {isa = PBXBuildFile; fileRef = 08D848DE2C3D530C0016C4B5 /* GoogleService-Info.plist */; };
		08D848E22C3D55750016C4B5 /* FirebaseAuth in Frameworks */ = {isa = PBXBuildFile; productRef = 08D848E12C3D55750016C4B5 /* FirebaseAuth */; };
		08D848E42C3D55750016C4B5 /* FirebaseFirestore in Frameworks */ = {isa = PBXBuildFile; productRef = 08D848E32C3D55750016C4B5 /* FirebaseFirestore */; };
		08D848E62C3D55750016C4B5 /* FirebaseFirestoreSwift in Frameworks */ = {isa = PBXBuildFile; productRef = 08D848E52C3D55750016C4B5 /* FirebaseFirestoreSwift */; };
		08D848E82C3D55750016C4B5 /* FirebaseStorage in Frameworks */ = {isa = PBXBuildFile; productRef = 08D848E72C3D55750016C4B5 /* FirebaseStorage */; };
/* End PBXBuildFile section */

/* Begin PBXFileReference section */
		08658FBA2C3EDAC400F11477 /* SearchBar&FilterRC.swift */ = {isa = PBXFileReference; lastKnownFileType = sourcecode.swift; path = "SearchBar&FilterRC.swift"; sourceTree = "<group>"; };
		08658FBD2C3EDE9800F11477 /* Category.swift */ = {isa = PBXFileReference; lastKnownFileType = sourcecode.swift; path = Category.swift; sourceTree = "<group>"; };
		08658FBF2C3EDFE600F11477 /* HomePageViewModel.swift */ = {isa = PBXFileReference; lastKnownFileType = sourcecode.swift; path = HomePageViewModel.swift; sourceTree = "<group>"; };
		08658FC52C3EF4E200F11477 /* FirestoreManager.swift */ = {isa = PBXFileReference; lastKnownFileType = sourcecode.swift; path = FirestoreManager.swift; sourceTree = "<group>"; };
		08658FCB2C3F26F800F11477 /* TabBarView.swift */ = {isa = PBXFileReference; lastKnownFileType = sourcecode.swift; path = TabBarView.swift; sourceTree = "<group>"; };
		08658FCF2C3F2F2B00F11477 /* FilterView.swift */ = {isa = PBXFileReference; lastKnownFileType = sourcecode.swift; path = FilterView.swift; sourceTree = "<group>"; };
		086A83522C35C77300735935 /* Sia.app */ = {isa = PBXFileReference; explicitFileType = wrapper.application; includeInIndex = 0; path = Sia.app; sourceTree = BUILT_PRODUCTS_DIR; };
		086A83552C35C77300735935 /* AppDelegate.swift */ = {isa = PBXFileReference; lastKnownFileType = sourcecode.swift; path = AppDelegate.swift; sourceTree = "<group>"; };
		086A83572C35C77300735935 /* SceneDelegate.swift */ = {isa = PBXFileReference; lastKnownFileType = sourcecode.swift; path = SceneDelegate.swift; sourceTree = "<group>"; };
		086A835E2C35C77400735935 /* Assets.xcassets */ = {isa = PBXFileReference; lastKnownFileType = folder.assetcatalog; path = Assets.xcassets; sourceTree = "<group>"; };
		086A83612C35C77400735935 /* Base */ = {isa = PBXFileReference; lastKnownFileType = file.storyboard; name = Base; path = Base.lproj/LaunchScreen.storyboard; sourceTree = "<group>"; };
		086A83632C35C77400735935 /* Info.plist */ = {isa = PBXFileReference; lastKnownFileType = text.plist.xml; path = Info.plist; sourceTree = "<group>"; };
		0871632A2C3C13C500AF59DF /* OnBoardingView.swift */ = {isa = PBXFileReference; lastKnownFileType = sourcecode.swift; path = OnBoardingView.swift; sourceTree = "<group>"; };
		0871632C2C3C13DD00AF59DF /* OnBoardingReusableView.swift */ = {isa = PBXFileReference; lastKnownFileType = sourcecode.swift; path = OnBoardingReusableView.swift; sourceTree = "<group>"; };
		0871632F2C3C40D400AF59DF /* HomePageView.swift */ = {isa = PBXFileReference; lastKnownFileType = sourcecode.swift; path = HomePageView.swift; sourceTree = "<group>"; };
		0877D4E52C4556C80073EAF4 /* StorePageViewControllerWrapper.swift */ = {isa = PBXFileReference; lastKnownFileType = sourcecode.swift; path = StorePageViewControllerWrapper.swift; sourceTree = "<group>"; };
		0877D4E72C4558110073EAF4 /* ListPageViewModel.swift */ = {isa = PBXFileReference; lastKnownFileType = sourcecode.swift; path = ListPageViewModel.swift; sourceTree = "<group>"; };
		0877D4EA2C455CBE0073EAF4 /* ProductCollectionViewCell.swift */ = {isa = PBXFileReference; lastKnownFileType = sourcecode.swift; path = ProductCollectionViewCell.swift; sourceTree = "<group>"; };
		0877D4EF2C456A6D0073EAF4 /* FavoritesManager.swift */ = {isa = PBXFileReference; lastKnownFileType = sourcecode.swift; path = FavoritesManager.swift; sourceTree = "<group>"; };
		0877D4F12C45954A0073EAF4 /* SectionHeaderView.swift */ = {isa = PBXFileReference; lastKnownFileType = sourcecode.swift; path = SectionHeaderView.swift; sourceTree = "<group>"; };
		0877D4F42C46E3E90073EAF4 /* StoreCollectionViewCell.swift */ = {isa = PBXFileReference; lastKnownFileType = sourcecode.swift; path = StoreCollectionViewCell.swift; sourceTree = "<group>"; };
		087A00462C41CDDC00A0B0CF /* CategoryProductsView.swift */ = {isa = PBXFileReference; lastKnownFileType = sourcecode.swift; path = CategoryProductsView.swift; sourceTree = "<group>"; };
		087A00482C41CE0100A0B0CF /* CategoryProductsViewModel.swift */ = {isa = PBXFileReference; lastKnownFileType = sourcecode.swift; path = CategoryProductsViewModel.swift; sourceTree = "<group>"; };
		087FFD1C2C42E41100F945F7 /* CategoryCellView.swift */ = {isa = PBXFileReference; lastKnownFileType = sourcecode.swift; path = CategoryCellView.swift; sourceTree = "<group>"; };
		087FFD1F2C42E44F00F945F7 /* ColorExtensionForHex.swift */ = {isa = PBXFileReference; lastKnownFileType = sourcecode.swift; path = ColorExtensionForHex.swift; sourceTree = "<group>"; };
		087FFD222C43300900F945F7 /* StoresPageViewController.swift */ = {isa = PBXFileReference; lastKnownFileType = sourcecode.swift; path = StoresPageViewController.swift; sourceTree = "<group>"; };
		08885B682C3FF51D004C2ED3 /* FilterViewModel.swift */ = {isa = PBXFileReference; lastKnownFileType = sourcecode.swift; path = FilterViewModel.swift; sourceTree = "<group>"; };
		08885B6A2C3FF857004C2ED3 /* Store.swift */ = {isa = PBXFileReference; lastKnownFileType = sourcecode.swift; path = Store.swift; sourceTree = "<group>"; };
		08885B6C2C3FFD73004C2ED3 /* AsyncImageView.swift */ = {isa = PBXFileReference; lastKnownFileType = sourcecode.swift; path = AsyncImageView.swift; sourceTree = "<group>"; };
		08885B712C4007FC004C2ED3 /* ProductCell.swift */ = {isa = PBXFileReference; lastKnownFileType = sourcecode.swift; path = ProductCell.swift; sourceTree = "<group>"; };
		08885B732C4014DF004C2ED3 /* Product.swift */ = {isa = PBXFileReference; lastKnownFileType = sourcecode.swift; path = Product.swift; sourceTree = "<group>"; };
		08885B752C401539004C2ED3 /* Location.swift */ = {isa = PBXFileReference; lastKnownFileType = sourcecode.swift; path = Location.swift; sourceTree = "<group>"; };
		08885B852C408C19004C2ED3 /* ListPageViewController.swift */ = {isa = PBXFileReference; lastKnownFileType = sourcecode.swift; path = ListPageViewController.swift; sourceTree = "<group>"; };
		08885B872C408CC2004C2ED3 /* ListPageViewControllerWrapper.swift */ = {isa = PBXFileReference; lastKnownFileType = sourcecode.swift; path = ListPageViewControllerWrapper.swift; sourceTree = "<group>"; };
		08D848DE2C3D530C0016C4B5 /* GoogleService-Info.plist */ = {isa = PBXFileReference; fileEncoding = 4; lastKnownFileType = text.plist.xml; path = "GoogleService-Info.plist"; sourceTree = "<group>"; };
/* End PBXFileReference section */

/* Begin PBXFrameworksBuildPhase section */
		086A834F2C35C77300735935 /* Frameworks */ = {
			isa = PBXFrameworksBuildPhase;
			buildActionMask = 2147483647;
			files = (
				08D848E22C3D55750016C4B5 /* FirebaseAuth in Frameworks */,
				08D848E82C3D55750016C4B5 /* FirebaseStorage in Frameworks */,
				08D848E42C3D55750016C4B5 /* FirebaseFirestore in Frameworks */,
				08D848E62C3D55750016C4B5 /* FirebaseFirestoreSwift in Frameworks */,
			);
			runOnlyForDeploymentPostprocessing = 0;
		};
/* End PBXFrameworksBuildPhase section */

/* Begin PBXGroup section */
		08658FB42C3ED5DB00F11477 /* TabBar */ = {
			isa = PBXGroup;
			children = (
				08658FCB2C3F26F800F11477 /* TabBarView.swift */,
			);
			path = TabBar;
			sourceTree = "<group>";
		};
		08658FB92C3EDA9300F11477 /* Reusable components */ = {
			isa = PBXGroup;
			children = (
				08658FBA2C3EDAC400F11477 /* SearchBar&FilterRC.swift */,
				08885B6C2C3FFD73004C2ED3 /* AsyncImageView.swift */,
			);
			path = "Reusable components";
			sourceTree = "<group>";
		};
		08658FBC2C3EDE8000F11477 /* Models */ = {
			isa = PBXGroup;
			children = (
				08658FBD2C3EDE9800F11477 /* Category.swift */,
				08885B6A2C3FF857004C2ED3 /* Store.swift */,
				08885B732C4014DF004C2ED3 /* Product.swift */,
				08885B752C401539004C2ED3 /* Location.swift */,
			);
			path = Models;
			sourceTree = "<group>";
		};
		08658FC42C3EF4BB00F11477 /* FirestoreManager */ = {
			isa = PBXGroup;
			children = (
				08658FC52C3EF4E200F11477 /* FirestoreManager.swift */,
			);
			path = FirestoreManager;
			sourceTree = "<group>";
		};
		08658FCE2C3F2F1A00F11477 /* Filter */ = {
			isa = PBXGroup;
			children = (
				08658FCF2C3F2F2B00F11477 /* FilterView.swift */,
				08885B682C3FF51D004C2ED3 /* FilterViewModel.swift */,
			);
			path = Filter;
			sourceTree = "<group>";
		};
		086A83492C35C77300735935 = {
			isa = PBXGroup;
			children = (
				086A83542C35C77300735935 /* Sia */,
				086A83532C35C77300735935 /* Products */,
			);
			sourceTree = "<group>";
		};
		086A83532C35C77300735935 /* Products */ = {
			isa = PBXGroup;
			children = (
				086A83522C35C77300735935 /* Sia.app */,
			);
			name = Products;
			sourceTree = "<group>";
		};
		086A83542C35C77300735935 /* Sia */ = {
			isa = PBXGroup;
			children = (
				087FFD1E2C42E43300F945F7 /* Extenstions */,
				087163262C3C0D5100AF59DF /* Supporting */,
				08658FBC2C3EDE8000F11477 /* Models */,
				0877D4EE2C456A080073EAF4 /* SharedManagers */,
				087163272C3C0D6100AF59DF /* Scenes */,
				087163282C3C0D6B00AF59DF /* Resources */,
			);
			path = Sia;
			sourceTree = "<group>";
		};
		087163262C3C0D5100AF59DF /* Supporting */ = {
			isa = PBXGroup;
			children = (
				086A83602C35C77400735935 /* LaunchScreen.storyboard */,
				086A83552C35C77300735935 /* AppDelegate.swift */,
				086A83572C35C77300735935 /* SceneDelegate.swift */,
			);
			path = Supporting;
			sourceTree = "<group>";
		};
		087163272C3C0D6100AF59DF /* Scenes */ = {
			isa = PBXGroup;
			children = (
				08658FB92C3EDA9300F11477 /* Reusable components */,
				087163292C3C138200AF59DF /* OnBoardingPages */,
				08658FB42C3ED5DB00F11477 /* TabBar */,
				0877D4F32C46DF060073EAF4 /* CategoryPage */,
				0871632E2C3C40A000AF59DF /* HomePage */,
				08885B842C408BF9004C2ED3 /* ListPage */,
				087FFD212C432F4E00F945F7 /* StoresPage */,
			);
			path = Scenes;
			sourceTree = "<group>";
		};
		087163282C3C0D6B00AF59DF /* Resources */ = {
			isa = PBXGroup;
			children = (
				086A83632C35C77400735935 /* Info.plist */,
				08D848DE2C3D530C0016C4B5 /* GoogleService-Info.plist */,
				086A835E2C35C77400735935 /* Assets.xcassets */,
			);
			path = Resources;
			sourceTree = "<group>";
		};
		087163292C3C138200AF59DF /* OnBoardingPages */ = {
			isa = PBXGroup;
			children = (
				0871632A2C3C13C500AF59DF /* OnBoardingView.swift */,
				0871632C2C3C13DD00AF59DF /* OnBoardingReusableView.swift */,
			);
			path = OnBoardingPages;
			sourceTree = "<group>";
		};
		0871632E2C3C40A000AF59DF /* HomePage */ = {
			isa = PBXGroup;
			children = (
				087A00442C41818700A0B0CF /* ProductCell */,
				08658FCE2C3F2F1A00F11477 /* Filter */,
				0871632F2C3C40D400AF59DF /* HomePageView.swift */,
				08658FBF2C3EDFE600F11477 /* HomePageViewModel.swift */,
			);
			path = HomePage;
			sourceTree = "<group>";
		};
		0877D4E92C455CA30073EAF4 /* ProductAndHeaderForList */ = {
			isa = PBXGroup;
			children = (
				0877D4EA2C455CBE0073EAF4 /* ProductCollectionViewCell.swift */,
				0877D4F12C45954A0073EAF4 /* SectionHeaderView.swift */,
			);
			path = ProductAndHeaderForList;
			sourceTree = "<group>";
		};
		0877D4EE2C456A080073EAF4 /* SharedManagers */ = {
			isa = PBXGroup;
			children = (
				08658FC42C3EF4BB00F11477 /* FirestoreManager */,
				0877D4EF2C456A6D0073EAF4 /* FavoritesManager.swift */,
			);
			path = SharedManagers;
			sourceTree = "<group>";
		};
		0877D4F32C46DF060073EAF4 /* CategoryPage */ = {
			isa = PBXGroup;
			children = (
				087FFD1B2C42E3F800F945F7 /* CategoryCell */,
				087A00462C41CDDC00A0B0CF /* CategoryProductsView.swift */,
				087A00482C41CE0100A0B0CF /* CategoryProductsViewModel.swift */,
			);
			path = CategoryPage;
			sourceTree = "<group>";
		};
		087A00442C41818700A0B0CF /* ProductCell */ = {
			isa = PBXGroup;
			children = (
				08885B712C4007FC004C2ED3 /* ProductCell.swift */,
			);
			path = ProductCell;
			sourceTree = "<group>";
		};
		087FFD1B2C42E3F800F945F7 /* CategoryCell */ = {
			isa = PBXGroup;
			children = (
				087FFD1C2C42E41100F945F7 /* CategoryCellView.swift */,
			);
			path = CategoryCell;
			sourceTree = "<group>";
		};
		087FFD1E2C42E43300F945F7 /* Extenstions */ = {
			isa = PBXGroup;
			children = (
				087FFD1F2C42E44F00F945F7 /* ColorExtensionForHex.swift */,
			);
			path = Extenstions;
			sourceTree = "<group>";
		};
		087FFD212C432F4E00F945F7 /* StoresPage */ = {
			isa = PBXGroup;
			children = (
				087FFD222C43300900F945F7 /* StoresPageViewController.swift */,
				0877D4E52C4556C80073EAF4 /* StorePageViewControllerWrapper.swift */,
				0877D4F42C46E3E90073EAF4 /* StoreCollectionViewCell.swift */,
			);
			path = StoresPage;
			sourceTree = "<group>";
		};
		08885B842C408BF9004C2ED3 /* ListPage */ = {
			isa = PBXGroup;
			children = (
				0877D4E92C455CA30073EAF4 /* ProductAndHeaderForList */,
				08885B852C408C19004C2ED3 /* ListPageViewController.swift */,
				08885B872C408CC2004C2ED3 /* ListPageViewControllerWrapper.swift */,
				0877D4E72C4558110073EAF4 /* ListPageViewModel.swift */,
			);
			path = ListPage;
			sourceTree = "<group>";
		};
/* End PBXGroup section */

/* Begin PBXNativeTarget section */
		086A83512C35C77300735935 /* Sia */ = {
			isa = PBXNativeTarget;
			buildConfigurationList = 086A83662C35C77400735935 /* Build configuration list for PBXNativeTarget "Sia" */;
			buildPhases = (
				086A834E2C35C77300735935 /* Sources */,
				086A834F2C35C77300735935 /* Frameworks */,
				086A83502C35C77300735935 /* Resources */,
			);
			buildRules = (
			);
			dependencies = (
			);
			name = Sia;
			packageProductDependencies = (
				08D848E12C3D55750016C4B5 /* FirebaseAuth */,
				08D848E32C3D55750016C4B5 /* FirebaseFirestore */,
				08D848E52C3D55750016C4B5 /* FirebaseFirestoreSwift */,
				08D848E72C3D55750016C4B5 /* FirebaseStorage */,
			);
			productName = Sia;
			productReference = 086A83522C35C77300735935 /* Sia.app */;
			productType = "com.apple.product-type.application";
		};
/* End PBXNativeTarget section */

/* Begin PBXProject section */
		086A834A2C35C77300735935 /* Project object */ = {
			isa = PBXProject;
			attributes = {
				BuildIndependentTargetsInParallel = 1;
				LastSwiftUpdateCheck = 1540;
				LastUpgradeCheck = 1540;
				TargetAttributes = {
					086A83512C35C77300735935 = {
						CreatedOnToolsVersion = 15.4;
					};
				};
			};
			buildConfigurationList = 086A834D2C35C77300735935 /* Build configuration list for PBXProject "Sia" */;
			compatibilityVersion = "Xcode 14.0";
			developmentRegion = en;
			hasScannedForEncodings = 0;
			knownRegions = (
				en,
				Base,
			);
			mainGroup = 086A83492C35C77300735935;
			packageReferences = (
				08D848E02C3D55750016C4B5 /* XCRemoteSwiftPackageReference "firebase-ios-sdk" */,
			);
			productRefGroup = 086A83532C35C77300735935 /* Products */;
			projectDirPath = "";
			projectRoot = "";
			targets = (
				086A83512C35C77300735935 /* Sia */,
			);
		};
/* End PBXProject section */

/* Begin PBXResourcesBuildPhase section */
		086A83502C35C77300735935 /* Resources */ = {
			isa = PBXResourcesBuildPhase;
			buildActionMask = 2147483647;
			files = (
				086A835F2C35C77400735935 /* Assets.xcassets in Resources */,
				086A83622C35C77400735935 /* Base in Resources */,
				08D848DF2C3D530C0016C4B5 /* GoogleService-Info.plist in Resources */,
			);
			runOnlyForDeploymentPostprocessing = 0;
		};
/* End PBXResourcesBuildPhase section */

/* Begin PBXSourcesBuildPhase section */
		086A834E2C35C77300735935 /* Sources */ = {
			isa = PBXSourcesBuildPhase;
			buildActionMask = 2147483647;
			files = (
				0877D4E62C4556C80073EAF4 /* StorePageViewControllerWrapper.swift in Sources */,
				08658FBB2C3EDAC400F11477 /* SearchBar&FilterRC.swift in Sources */,
				08885B862C408C19004C2ED3 /* ListPageViewController.swift in Sources */,
				08658FCC2C3F26F800F11477 /* TabBarView.swift in Sources */,
				08885B692C3FF51D004C2ED3 /* FilterViewModel.swift in Sources */,
				0877D4EB2C455CBE0073EAF4 /* ProductCollectionViewCell.swift in Sources */,
				0871632B2C3C13C500AF59DF /* OnBoardingView.swift in Sources */,
				08658FD02C3F2F2B00F11477 /* FilterView.swift in Sources */,
				087FFD1D2C42E41100F945F7 /* CategoryCellView.swift in Sources */,
				08885B882C408CC2004C2ED3 /* ListPageViewControllerWrapper.swift in Sources */,
				0877D4F02C456A6D0073EAF4 /* FavoritesManager.swift in Sources */,
				08658FBE2C3EDE9800F11477 /* Category.swift in Sources */,
				08885B6B2C3FF857004C2ED3 /* Store.swift in Sources */,
				08885B6D2C3FFD73004C2ED3 /* AsyncImageView.swift in Sources */,
				086A83562C35C77300735935 /* AppDelegate.swift in Sources */,
				0877D4F22C45954A0073EAF4 /* SectionHeaderView.swift in Sources */,
				0877D4E82C4558110073EAF4 /* ListPageViewModel.swift in Sources */,
				08885B742C4014DF004C2ED3 /* Product.swift in Sources */,
				0871632D2C3C13DD00AF59DF /* OnBoardingReusableView.swift in Sources */,
				087FFD202C42E44F00F945F7 /* ColorExtensionForHex.swift in Sources */,
				08658FC62C3EF4E200F11477 /* FirestoreManager.swift in Sources */,
				087A00472C41CDDC00A0B0CF /* CategoryProductsView.swift in Sources */,
				0877D4F52C46E3E90073EAF4 /* StoreCollectionViewCell.swift in Sources */,
				08885B762C401539004C2ED3 /* Location.swift in Sources */,
				087163302C3C40D400AF59DF /* HomePageView.swift in Sources */,
				086A83582C35C77300735935 /* SceneDelegate.swift in Sources */,
				087A00492C41CE0100A0B0CF /* CategoryProductsViewModel.swift in Sources */,
				087FFD232C43300900F945F7 /* StoresPageViewController.swift in Sources */,
				08885B722C4007FC004C2ED3 /* ProductCell.swift in Sources */,
				08658FC02C3EDFE600F11477 /* HomePageViewModel.swift in Sources */,
			);
			runOnlyForDeploymentPostprocessing = 0;
		};
/* End PBXSourcesBuildPhase section */

/* Begin PBXVariantGroup section */
		086A83602C35C77400735935 /* LaunchScreen.storyboard */ = {
			isa = PBXVariantGroup;
			children = (
				086A83612C35C77400735935 /* Base */,
			);
			name = LaunchScreen.storyboard;
			sourceTree = "<group>";
		};
/* End PBXVariantGroup section */

/* Begin XCBuildConfiguration section */
		086A83642C35C77400735935 /* Debug */ = {
			isa = XCBuildConfiguration;
			buildSettings = {
				ALWAYS_SEARCH_USER_PATHS = NO;
				ASSETCATALOG_COMPILER_GENERATE_SWIFT_ASSET_SYMBOL_EXTENSIONS = YES;
				CLANG_ANALYZER_NONNULL = YES;
				CLANG_ANALYZER_NUMBER_OBJECT_CONVERSION = YES_AGGRESSIVE;
				CLANG_CXX_LANGUAGE_STANDARD = "gnu++20";
				CLANG_ENABLE_MODULES = YES;
				CLANG_ENABLE_OBJC_ARC = YES;
				CLANG_ENABLE_OBJC_WEAK = YES;
				CLANG_WARN_BLOCK_CAPTURE_AUTORELEASING = YES;
				CLANG_WARN_BOOL_CONVERSION = YES;
				CLANG_WARN_COMMA = YES;
				CLANG_WARN_CONSTANT_CONVERSION = YES;
				CLANG_WARN_DEPRECATED_OBJC_IMPLEMENTATIONS = YES;
				CLANG_WARN_DIRECT_OBJC_ISA_USAGE = YES_ERROR;
				CLANG_WARN_DOCUMENTATION_COMMENTS = YES;
				CLANG_WARN_EMPTY_BODY = YES;
				CLANG_WARN_ENUM_CONVERSION = YES;
				CLANG_WARN_INFINITE_RECURSION = YES;
				CLANG_WARN_INT_CONVERSION = YES;
				CLANG_WARN_NON_LITERAL_NULL_CONVERSION = YES;
				CLANG_WARN_OBJC_IMPLICIT_RETAIN_SELF = YES;
				CLANG_WARN_OBJC_LITERAL_CONVERSION = YES;
				CLANG_WARN_OBJC_ROOT_CLASS = YES_ERROR;
				CLANG_WARN_QUOTED_INCLUDE_IN_FRAMEWORK_HEADER = YES;
				CLANG_WARN_RANGE_LOOP_ANALYSIS = YES;
				CLANG_WARN_STRICT_PROTOTYPES = YES;
				CLANG_WARN_SUSPICIOUS_MOVE = YES;
				CLANG_WARN_UNGUARDED_AVAILABILITY = YES_AGGRESSIVE;
				CLANG_WARN_UNREACHABLE_CODE = YES;
				CLANG_WARN__DUPLICATE_METHOD_MATCH = YES;
				COPY_PHASE_STRIP = NO;
				DEBUG_INFORMATION_FORMAT = dwarf;
				ENABLE_STRICT_OBJC_MSGSEND = YES;
				ENABLE_TESTABILITY = YES;
				ENABLE_USER_SCRIPT_SANDBOXING = YES;
				GCC_C_LANGUAGE_STANDARD = gnu17;
				GCC_DYNAMIC_NO_PIC = NO;
				GCC_NO_COMMON_BLOCKS = YES;
				GCC_OPTIMIZATION_LEVEL = 0;
				GCC_PREPROCESSOR_DEFINITIONS = (
					"DEBUG=1",
					"$(inherited)",
				);
				GCC_WARN_64_TO_32_BIT_CONVERSION = YES;
				GCC_WARN_ABOUT_RETURN_TYPE = YES_ERROR;
				GCC_WARN_UNDECLARED_SELECTOR = YES;
				GCC_WARN_UNINITIALIZED_AUTOS = YES_AGGRESSIVE;
				GCC_WARN_UNUSED_FUNCTION = YES;
				GCC_WARN_UNUSED_VARIABLE = YES;
				IPHONEOS_DEPLOYMENT_TARGET = 17.5;
				LOCALIZATION_PREFERS_STRING_CATALOGS = YES;
				MTL_ENABLE_DEBUG_INFO = INCLUDE_SOURCE;
				MTL_FAST_MATH = YES;
				ONLY_ACTIVE_ARCH = YES;
				SDKROOT = iphoneos;
				SWIFT_ACTIVE_COMPILATION_CONDITIONS = "DEBUG $(inherited)";
				SWIFT_OPTIMIZATION_LEVEL = "-Onone";
			};
			name = Debug;
		};
		086A83652C35C77400735935 /* Release */ = {
			isa = XCBuildConfiguration;
			buildSettings = {
				ALWAYS_SEARCH_USER_PATHS = NO;
				ASSETCATALOG_COMPILER_GENERATE_SWIFT_ASSET_SYMBOL_EXTENSIONS = YES;
				CLANG_ANALYZER_NONNULL = YES;
				CLANG_ANALYZER_NUMBER_OBJECT_CONVERSION = YES_AGGRESSIVE;
				CLANG_CXX_LANGUAGE_STANDARD = "gnu++20";
				CLANG_ENABLE_MODULES = YES;
				CLANG_ENABLE_OBJC_ARC = YES;
				CLANG_ENABLE_OBJC_WEAK = YES;
				CLANG_WARN_BLOCK_CAPTURE_AUTORELEASING = YES;
				CLANG_WARN_BOOL_CONVERSION = YES;
				CLANG_WARN_COMMA = YES;
				CLANG_WARN_CONSTANT_CONVERSION = YES;
				CLANG_WARN_DEPRECATED_OBJC_IMPLEMENTATIONS = YES;
				CLANG_WARN_DIRECT_OBJC_ISA_USAGE = YES_ERROR;
				CLANG_WARN_DOCUMENTATION_COMMENTS = YES;
				CLANG_WARN_EMPTY_BODY = YES;
				CLANG_WARN_ENUM_CONVERSION = YES;
				CLANG_WARN_INFINITE_RECURSION = YES;
				CLANG_WARN_INT_CONVERSION = YES;
				CLANG_WARN_NON_LITERAL_NULL_CONVERSION = YES;
				CLANG_WARN_OBJC_IMPLICIT_RETAIN_SELF = YES;
				CLANG_WARN_OBJC_LITERAL_CONVERSION = YES;
				CLANG_WARN_OBJC_ROOT_CLASS = YES_ERROR;
				CLANG_WARN_QUOTED_INCLUDE_IN_FRAMEWORK_HEADER = YES;
				CLANG_WARN_RANGE_LOOP_ANALYSIS = YES;
				CLANG_WARN_STRICT_PROTOTYPES = YES;
				CLANG_WARN_SUSPICIOUS_MOVE = YES;
				CLANG_WARN_UNGUARDED_AVAILABILITY = YES_AGGRESSIVE;
				CLANG_WARN_UNREACHABLE_CODE = YES;
				CLANG_WARN__DUPLICATE_METHOD_MATCH = YES;
				COPY_PHASE_STRIP = NO;
				DEBUG_INFORMATION_FORMAT = "dwarf-with-dsym";
				ENABLE_NS_ASSERTIONS = NO;
				ENABLE_STRICT_OBJC_MSGSEND = YES;
				ENABLE_USER_SCRIPT_SANDBOXING = YES;
				GCC_C_LANGUAGE_STANDARD = gnu17;
				GCC_NO_COMMON_BLOCKS = YES;
				GCC_WARN_64_TO_32_BIT_CONVERSION = YES;
				GCC_WARN_ABOUT_RETURN_TYPE = YES_ERROR;
				GCC_WARN_UNDECLARED_SELECTOR = YES;
				GCC_WARN_UNINITIALIZED_AUTOS = YES_AGGRESSIVE;
				GCC_WARN_UNUSED_FUNCTION = YES;
				GCC_WARN_UNUSED_VARIABLE = YES;
				IPHONEOS_DEPLOYMENT_TARGET = 17.5;
				LOCALIZATION_PREFERS_STRING_CATALOGS = YES;
				MTL_ENABLE_DEBUG_INFO = NO;
				MTL_FAST_MATH = YES;
				SDKROOT = iphoneos;
				SWIFT_COMPILATION_MODE = wholemodule;
				VALIDATE_PRODUCT = YES;
			};
			name = Release;
		};
		086A83672C35C77400735935 /* Debug */ = {
			isa = XCBuildConfiguration;
			buildSettings = {
				ASSETCATALOG_COMPILER_APPICON_NAME = AppIcon;
				ASSETCATALOG_COMPILER_GLOBAL_ACCENT_COLOR_NAME = AccentColor;
				CODE_SIGN_STYLE = Automatic;
				CURRENT_PROJECT_VERSION = 1;
				DEVELOPMENT_TEAM = 863JKHR7M8;
				GENERATE_INFOPLIST_FILE = YES;
				INFOPLIST_FILE = Sia/Resources/Info.plist;
				INFOPLIST_KEY_UIApplicationSupportsIndirectInputEvents = YES;
				INFOPLIST_KEY_UILaunchStoryboardName = LaunchScreen;
				INFOPLIST_KEY_UISupportedInterfaceOrientations = UIInterfaceOrientationPortrait;
				IPHONEOS_DEPLOYMENT_TARGET = 17.0;
				LD_RUNPATH_SEARCH_PATHS = (
					"$(inherited)",
					"@executable_path/Frameworks",
				);
				MARKETING_VERSION = 1.0;
				PRODUCT_BUNDLE_IDENTIFIER = com.sandro.Sia;
				PRODUCT_NAME = "$(TARGET_NAME)";
				SWIFT_EMIT_LOC_STRINGS = YES;
				SWIFT_VERSION = 5.0;
				TARGETED_DEVICE_FAMILY = "1,2";
			};
			name = Debug;
		};
		086A83682C35C77400735935 /* Release */ = {
			isa = XCBuildConfiguration;
			buildSettings = {
				ASSETCATALOG_COMPILER_APPICON_NAME = AppIcon;
				ASSETCATALOG_COMPILER_GLOBAL_ACCENT_COLOR_NAME = AccentColor;
				CODE_SIGN_STYLE = Automatic;
				CURRENT_PROJECT_VERSION = 1;
				DEVELOPMENT_TEAM = 863JKHR7M8;
				GENERATE_INFOPLIST_FILE = YES;
				INFOPLIST_FILE = Sia/Resources/Info.plist;
				INFOPLIST_KEY_UIApplicationSupportsIndirectInputEvents = YES;
				INFOPLIST_KEY_UILaunchStoryboardName = LaunchScreen;
				INFOPLIST_KEY_UISupportedInterfaceOrientations = UIInterfaceOrientationPortrait;
				IPHONEOS_DEPLOYMENT_TARGET = 17.0;
				LD_RUNPATH_SEARCH_PATHS = (
					"$(inherited)",
					"@executable_path/Frameworks",
				);
				MARKETING_VERSION = 1.0;
				PRODUCT_BUNDLE_IDENTIFIER = com.sandro.Sia;
				PRODUCT_NAME = "$(TARGET_NAME)";
				SWIFT_EMIT_LOC_STRINGS = YES;
				SWIFT_VERSION = 5.0;
				TARGETED_DEVICE_FAMILY = "1,2";
			};
			name = Release;
		};
/* End XCBuildConfiguration section */

/* Begin XCConfigurationList section */
		086A834D2C35C77300735935 /* Build configuration list for PBXProject "Sia" */ = {
			isa = XCConfigurationList;
			buildConfigurations = (
				086A83642C35C77400735935 /* Debug */,
				086A83652C35C77400735935 /* Release */,
			);
			defaultConfigurationIsVisible = 0;
			defaultConfigurationName = Release;
		};
		086A83662C35C77400735935 /* Build configuration list for PBXNativeTarget "Sia" */ = {
			isa = XCConfigurationList;
			buildConfigurations = (
				086A83672C35C77400735935 /* Debug */,
				086A83682C35C77400735935 /* Release */,
			);
			defaultConfigurationIsVisible = 0;
			defaultConfigurationName = Release;
		};
/* End XCConfigurationList section */

/* Begin XCRemoteSwiftPackageReference section */
		08D848E02C3D55750016C4B5 /* XCRemoteSwiftPackageReference "firebase-ios-sdk" */ = {
			isa = XCRemoteSwiftPackageReference;
			repositoryURL = "https://github.com/firebase/firebase-ios-sdk";
			requirement = {
				kind = upToNextMajorVersion;
				minimumVersion = 10.29.0;
			};
		};
/* End XCRemoteSwiftPackageReference section */

/* Begin XCSwiftPackageProductDependency section */
		08D848E12C3D55750016C4B5 /* FirebaseAuth */ = {
			isa = XCSwiftPackageProductDependency;
			package = 08D848E02C3D55750016C4B5 /* XCRemoteSwiftPackageReference "firebase-ios-sdk" */;
			productName = FirebaseAuth;
		};
		08D848E32C3D55750016C4B5 /* FirebaseFirestore */ = {
			isa = XCSwiftPackageProductDependency;
			package = 08D848E02C3D55750016C4B5 /* XCRemoteSwiftPackageReference "firebase-ios-sdk" */;
			productName = FirebaseFirestore;
		};
		08D848E52C3D55750016C4B5 /* FirebaseFirestoreSwift */ = {
			isa = XCSwiftPackageProductDependency;
			package = 08D848E02C3D55750016C4B5 /* XCRemoteSwiftPackageReference "firebase-ios-sdk" */;
			productName = FirebaseFirestoreSwift;
		};
		08D848E72C3D55750016C4B5 /* FirebaseStorage */ = {
			isa = XCSwiftPackageProductDependency;
			package = 08D848E02C3D55750016C4B5 /* XCRemoteSwiftPackageReference "firebase-ios-sdk" */;
			productName = FirebaseStorage;
		};
/* End XCSwiftPackageProductDependency section */
	};
	rootObject = 086A834A2C35C77300735935 /* Project object */;
}
